
Microsoft Visual Studio Solution File, Format Version 12.00
# Visual Studio Version 17
VisualStudioVersion = 17.5.33516.290
MinimumVisualStudioVersion = 10.0.40219.1
Project("{2150E333-8FDC-42A3-9474-1A3956D46DE8}") = "Logic", "Logic", "{D533BD45-E445-410E-BAB2-E270F60E7185}"
EndProject
Project("{2150E333-8FDC-42A3-9474-1A3956D46DE8}") = "Debug", "Debug", "{E63A3E74-2074-40B2-AF03-DCD2DA8F12A3}"
EndProject
Project("{FAE04EC0-301F-11D3-BF4B-00C04F79EFBC}") = "ConsoleDebuger", "ConsoleDebuger\ConsoleDebuger.csproj", "{3AB8D96F-A1EB-4608-AF3A-F34D8334335F}"
EndProject
Project("{FAE04EC0-301F-11D3-BF4B-00C04F79EFBC}") = "Graph", "Graph\Graph.csproj", "{30F415EF-D380-476F-959D-3F48E3243F00}"
EndProject
Global
	GlobalSection(SolutionConfigurationPlatforms) = preSolution
		Debug|Any CPU = Debug|Any CPU
		Release|Any CPU = Release|Any CPU
	EndGlobalSection
	GlobalSection(ProjectConfigurationPlatforms) = postSolution
		{3AB8D96F-A1EB-4608-AF3A-F34D8334335F}.Debug|Any CPU.ActiveCfg = Debug|Any CPU
		{3AB8D96F-A1EB-4608-AF3A-F34D8334335F}.Debug|Any CPU.Build.0 = Debug|Any CPU
		{3AB8D96F-A1EB-4608-AF3A-F34D8334335F}.Release|Any CPU.ActiveCfg = Release|Any CPU
		{3AB8D96F-A1EB-4608-AF3A-F34D8334335F}.Release|Any CPU.Build.0 = Release|Any CPU
		{30F415EF-D380-476F-959D-3F48E3243F00}.Debug|Any CPU.ActiveCfg = Debug|Any CPU
		{30F415EF-D380-476F-959D-3F48E3243F00}.Debug|Any CPU.Build.0 = Debug|Any CPU
		{30F415EF-D380-476F-959D-3F48E3243F00}.Release|Any CPU.ActiveCfg = Release|Any CPU
		{30F415EF-D380-476F-959D-3F48E3243F00}.Release|Any CPU.Build.0 = Release|Any CPU
	EndGlobalSection
	GlobalSection(SolutionProperties) = preSolution
		HideSolutionNode = FALSE
	EndGlobalSection
	GlobalSection(NestedProjects) = preSolution
		{30F415EF-D380-476F-959D-3F48E3243F00} = {D533BD45-E445-410E-BAB2-E270F60E7185}
	EndGlobalSection
	GlobalSection(ExtensibilityGlobals) = postSolution
		SolutionGuid = {15E16FAB-4F57-4FDC-84A0-41232ECEB3BC}
	EndGlobalSection
EndGlobal
